
Microsoft Visual Studio Solution File, Format Version 12.00
# Visual Studio Version 16
VisualStudioVersion = 16.0.31321.278
MinimumVisualStudioVersion = 10.0.40219.1
Project("{8BC9CEB8-8B4A-11D0-8D11-00A0C91BC942}") = "MfxButton", "MfxButton.vcxproj", "{E199D07E-526A-46E8-BC85-DF45506D54BA}"
EndProject
Global
	GlobalSection(SolutionConfigurationPlatforms) = preSolution
		Debug|x64 = Debug|x64
		Debug|x86 = Debug|x86
		Release|x64 = Release|x64
		Release|x86 = Release|x86
	EndGlobalSection
	GlobalSection(ProjectConfigurationPlatforms) = postSolution
		{E199D07E-526A-46E8-BC85-DF45506D54BA}.Debug|x64.ActiveCfg = Debug|x64
		{E199D07E-526A-46E8-BC85-DF45506D54BA}.Debug|x64.Build.0 = Debug|x64
		{E199D07E-526A-46E8-BC85-DF45506D54BA}.Debug|x86.ActiveCfg = Debug|Win32
		{E199D07E-526A-46E8-BC85-DF45506D54BA}.Debug|x86.Build.0 = Debug|Win32
		{E199D07E-526A-46E8-BC85-DF45506D54BA}.Release|x64.ActiveCfg = Release|x64
		{E199D07E-526A-46E8-BC85-DF45506D54BA}.Release|x64.Build.0 = Release|x64
		{E199D07E-526A-46E8-BC85-DF45506D54BA}.Release|x86.ActiveCfg = Release|Win32
		{E199D07E-526A-46E8-BC85-DF45506D54BA}.Release|x86.Build.0 = Release|Win32
	EndGlobalSection
	GlobalSection(SolutionProperties) = preSolution
		HideSolutionNode = FALSE
	EndGlobalSection
	GlobalSection(ExtensibilityGlobals) = postSolution
		SolutionGuid = {3880A14C-3AA1-4DA3-B171-7EEDC27CCE4D}
	EndGlobalSection
EndGlobal
