
Microsoft Visual Studio Solution File, Format Version 12.00
# Visual Studio Version 16
VisualStudioVersion = 16.0.31229.75
MinimumVisualStudioVersion = 10.0.40219.1
Project("{8BC9CEB8-8B4A-11D0-8D11-00A0C91BC942}") = "Example_AppFrame_01", "Example_AppFrame_01.vcxproj", "{03B93247-3117-4C65-9FA8-1BBA592AF5BE}"
EndProject
Global
	GlobalSection(SolutionConfigurationPlatforms) = preSolution
		Debug|x64 = Debug|x64
		Debug|x86 = Debug|x86
		Release|x64 = Release|x64
		Release|x86 = Release|x86
	EndGlobalSection
	GlobalSection(ProjectConfigurationPlatforms) = postSolution
		{03B93247-3117-4C65-9FA8-1BBA592AF5BE}.Debug|x64.ActiveCfg = Debug|x64
		{03B93247-3117-4C65-9FA8-1BBA592AF5BE}.Debug|x64.Build.0 = Debug|x64
		{03B93247-3117-4C65-9FA8-1BBA592AF5BE}.Debug|x86.ActiveCfg = Debug|Win32
		{03B93247-3117-4C65-9FA8-1BBA592AF5BE}.Debug|x86.Build.0 = Debug|Win32
		{03B93247-3117-4C65-9FA8-1BBA592AF5BE}.Release|x64.ActiveCfg = Release|x64
		{03B93247-3117-4C65-9FA8-1BBA592AF5BE}.Release|x64.Build.0 = Release|x64
		{03B93247-3117-4C65-9FA8-1BBA592AF5BE}.Release|x86.ActiveCfg = Release|Win32
		{03B93247-3117-4C65-9FA8-1BBA592AF5BE}.Release|x86.Build.0 = Release|Win32
	EndGlobalSection
	GlobalSection(SolutionProperties) = preSolution
		HideSolutionNode = FALSE
	EndGlobalSection
	GlobalSection(ExtensibilityGlobals) = postSolution
		SolutionGuid = {5876626B-0518-4D86-85CE-3BE56E7D2BF8}
	EndGlobalSection
EndGlobal
