
Microsoft Visual Studio Solution File, Format Version 12.00
# Visual Studio Version 16
VisualStudioVersion = 16.0.31205.134
MinimumVisualStudioVersion = 10.0.40219.1
Project("{8BC9CEB8-8B4A-11D0-8D11-00A0C91BC942}") = "Example_Base_00", "Example_Base_00.vcxproj", "{A0F2D20D-D4F1-45D8-97A6-214C9DFD4B06}"
EndProject
Global
	GlobalSection(SolutionConfigurationPlatforms) = preSolution
		Debug|x64 = Debug|x64
		Debug|x86 = Debug|x86
		Release|x64 = Release|x64
		Release|x86 = Release|x86
	EndGlobalSection
	GlobalSection(ProjectConfigurationPlatforms) = postSolution
		{A0F2D20D-D4F1-45D8-97A6-214C9DFD4B06}.Debug|x64.ActiveCfg = Debug|x64
		{A0F2D20D-D4F1-45D8-97A6-214C9DFD4B06}.Debug|x64.Build.0 = Debug|x64
		{A0F2D20D-D4F1-45D8-97A6-214C9DFD4B06}.Debug|x86.ActiveCfg = Debug|Win32
		{A0F2D20D-D4F1-45D8-97A6-214C9DFD4B06}.Debug|x86.Build.0 = Debug|Win32
		{A0F2D20D-D4F1-45D8-97A6-214C9DFD4B06}.Release|x64.ActiveCfg = Release|x64
		{A0F2D20D-D4F1-45D8-97A6-214C9DFD4B06}.Release|x64.Build.0 = Release|x64
		{A0F2D20D-D4F1-45D8-97A6-214C9DFD4B06}.Release|x86.ActiveCfg = Release|Win32
		{A0F2D20D-D4F1-45D8-97A6-214C9DFD4B06}.Release|x86.Build.0 = Release|Win32
	EndGlobalSection
	GlobalSection(SolutionProperties) = preSolution
		HideSolutionNode = FALSE
	EndGlobalSection
	GlobalSection(ExtensibilityGlobals) = postSolution
		SolutionGuid = {5BEFF84C-BC44-43DA-B021-68745E410E83}
	EndGlobalSection
EndGlobal
